{
  "version": 4,
  "terraform_version": "1.0.1",
  "serial": 37,
  "lineage": "22bc58d3-1100-dcf6-7fd9-0cb7df40d888",
  "outputs": {
    "myid": {
      "value": "/subscriptions/8df38d37-e466-425f-b08b-9b9970aea6c5/resourceGroups/azurerg-israel",
      "type": "string"
    },
    "myip": {
      "value": "/subscriptions/8df38d37-e466-425f-b08b-9b9970aea6c5/resourceGroups/azurerg-israel/providers/Microsoft.Web/sites/myapppppp",
      "type": "string"
    }
  },
  "resources": [
    {
      "mode": "managed",
      "type": "azurerm_resource_group",
      "name": "my_resource",
      "provider": "provider[\"registry.terraform.io/hashicorp/azurerm\"]",
      "instances": [
        {
          "schema_version": 0,
          "attributes": {
            "id": "/subscriptions/8df38d37-e466-425f-b08b-9b9970aea6c5/resourceGroups/azurerg-israel",
            "location": "westeurope",
            "name": "azurerg-israel",
            "tags": {
              "entorno": "test",
              "tipo": "webapp"
            },
            "timeouts": null
          },
          "sensitive_attributes": [],
          "private": "eyJlMmJmYjczMC1lY2FhLTExZTYtOGY4OC0zNDM2M2JjN2M0YzAiOnsiY3JlYXRlIjo1NDAwMDAwMDAwMDAwLCJkZWxldGUiOjU0MDAwMDAwMDAwMDAsInJlYWQiOjMwMDAwMDAwMDAwMCwidXBkYXRlIjo1NDAwMDAwMDAwMDAwfX0="
        }
      ]
    },
    {
      "module": "module.azureweb-israel",
      "mode": "managed",
      "type": "azurerm_app_service",
      "name": "my_webapp",
      "provider": "provider[\"registry.terraform.io/hashicorp/azurerm\"]",
      "instances": [
        {
          "schema_version": 0,
          "attributes": {
            "app_service_plan_id": "/subscriptions/8df38d37-e466-425f-b08b-9b9970aea6c5/resourceGroups/azurerg-israel/providers/Microsoft.Web/serverfarms/azureweb-israel",
            "app_settings": {
              "WEBSITE_NODE_DEFAULT_VERSION": "6.9.1"
            },
            "auth_settings": [
              {
                "active_directory": [],
                "additional_login_params": {},
                "allowed_external_redirect_urls": [],
                "default_provider": "",
                "enabled": false,
                "facebook": [],
                "google": [],
                "issuer": "",
                "microsoft": [],
                "runtime_version": "",
                "token_refresh_extension_hours": 0,
                "token_store_enabled": false,
                "twitter": [],
                "unauthenticated_client_action": ""
              }
            ],
            "backup": [],
            "client_affinity_enabled": false,
            "client_cert_enabled": false,
            "connection_string": [],
            "custom_domain_verification_id": "AA0FA02809864C1113FA95012CCAC107D474E33C5A32DB49659DDAE543C958D5",
            "default_site_hostname": "myapppppp.azurewebsites.net",
            "enabled": true,
            "https_only": false,
            "id": "/subscriptions/8df38d37-e466-425f-b08b-9b9970aea6c5/resourceGroups/azurerg-israel/providers/Microsoft.Web/sites/myapppppp",
            "identity": [],
            "location": "westeurope",
            "logs": [
              {
                "application_logs": [
                  {
                    "azure_blob_storage": [],
                    "file_system_level": "Off"
                  }
                ],
                "detailed_error_messages_enabled": false,
                "failed_request_tracing_enabled": false,
                "http_logs": [
                  {
                    "azure_blob_storage": [],
                    "file_system": []
                  }
                ]
              }
            ],
            "name": "myapppppp",
            "outbound_ip_address_list": [
              "20.71.77.175",
              "20.73.235.156",
              "20.73.237.25",
              "20.73.237.35",
              "20.73.237.69",
              "20.73.237.192",
              "20.50.2.31"
            ],
            "outbound_ip_addresses": "20.71.77.175,20.73.235.156,20.73.237.25,20.73.237.35,20.73.237.69,20.73.237.192,20.50.2.31",
            "possible_outbound_ip_address_list": [
              "20.71.77.175",
              "20.73.235.156",
              "20.73.237.25",
              "20.73.237.35",
              "20.73.237.69",
              "20.73.237.192",
              "20.71.77.57",
              "20.71.76.111",
              "20.73.238.35",
              "20.73.238.37",
              "20.73.238.67",
              "20.73.238.76",
              "20.73.238.219",
              "20.73.239.127",
              "20.73.239.146",
              "20.73.112.71",
              "20.73.232.74",
              "20.71.77.129",
              "20.71.76.220",
              "20.73.113.148",
              "20.73.113.240",
              "20.73.113.250",
              "20.73.114.65",
              "20.73.114.153",
              "20.73.114.166",
              "20.73.114.172",
              "20.73.233.222",
              "20.73.136.2",
              "20.73.136.83",
              "20.67.123.131",
              "20.50.2.31"
            ],
            "possible_outbound_ip_addresses": "20.71.77.175,20.73.235.156,20.73.237.25,20.73.237.35,20.73.237.69,20.73.237.192,20.71.77.57,20.71.76.111,20.73.238.35,20.73.238.37,20.73.238.67,20.73.238.76,20.73.238.219,20.73.239.127,20.73.239.146,20.73.112.71,20.73.232.74,20.71.77.129,20.71.76.220,20.73.113.148,20.73.113.240,20.73.113.250,20.73.114.65,20.73.114.153,20.73.114.166,20.73.114.172,20.73.233.222,20.73.136.2,20.73.136.83,20.67.123.131,20.50.2.31",
            "resource_group_name": "azurerg-israel",
            "site_config": [
              {
                "always_on": false,
                "app_command_line": "",
                "auto_swap_slot_name": "",
                "cors": [],
                "default_documents": [
                  "Default.htm",
                  "Default.html",
                  "Default.asp",
                  "index.htm",
                  "index.html",
                  "iisstart.htm",
                  "default.aspx",
                  "index.php",
                  "hostingstart.html"
                ],
                "dotnet_framework_version": "v4.0",
                "ftps_state": "AllAllowed",
                "health_check_path": "",
                "http2_enabled": false,
                "ip_restriction": [],
                "java_container": "",
                "java_container_version": "",
                "java_version": "",
                "linux_fx_version": "",
                "local_mysql_enabled": false,
                "managed_pipeline_mode": "Integrated",
                "min_tls_version": "1.2",
                "number_of_workers": 1,
                "php_version": "5.6",
                "python_version": "",
                "remote_debugging_enabled": false,
                "remote_debugging_version": "",
                "scm_ip_restriction": [],
                "scm_type": "None",
                "scm_use_main_ip_restriction": false,
                "use_32_bit_worker_process": true,
                "websockets_enabled": false,
                "windows_fx_version": ""
              }
            ],
            "site_credential": [
              {
                "password": "hyqi7K8baqxGuRML1daNrfNHF6s04Em8fCcixggfki25aKD26inKvztZuemM",
                "username": "$myapppppp"
              }
            ],
            "source_control": [
              {
                "branch": "master",
                "manual_integration": false,
                "repo_url": "",
                "rollback_enabled": false,
                "use_mercurial": false
              }
            ],
            "storage_account": [],
            "tags": {},
            "timeouts": null
          },
          "sensitive_attributes": [],
          "private": "eyJlMmJmYjczMC1lY2FhLTExZTYtOGY4OC0zNDM2M2JjN2M0YzAiOnsiY3JlYXRlIjoxODAwMDAwMDAwMDAwLCJkZWxldGUiOjE4MDAwMDAwMDAwMDAsInJlYWQiOjMwMDAwMDAwMDAwMCwidXBkYXRlIjoxODAwMDAwMDAwMDAwfX0=",
          "dependencies": [
            "module.azureweb-israel.azurerm_app_service_plan.my_service_plan"
          ]
        }
      ]
    },
    {
      "module": "module.azureweb-israel",
      "mode": "managed",
      "type": "azurerm_app_service_plan",
      "name": "my_service_plan",
      "provider": "provider[\"registry.terraform.io/hashicorp/azurerm\"]",
      "instances": [
        {
          "schema_version": 0,
          "attributes": {
            "app_service_environment_id": "",
            "id": "/subscriptions/8df38d37-e466-425f-b08b-9b9970aea6c5/resourceGroups/azurerg-israel/providers/Microsoft.Web/serverfarms/azureweb-israel",
            "is_xenon": false,
            "kind": "Windows",
            "location": "westeurope",
            "maximum_elastic_worker_count": 1,
            "maximum_number_of_workers": 1,
            "name": "azureweb-israel",
            "per_site_scaling": false,
            "reserved": false,
            "resource_group_name": "azurerg-israel",
            "sku": [
              {
                "capacity": 0,
                "size": "F1",
                "tier": "Free"
              }
            ],
            "tags": {},
            "timeouts": null
          },
          "sensitive_attributes": [],
          "private": "eyJlMmJmYjczMC1lY2FhLTExZTYtOGY4OC0zNDM2M2JjN2M0YzAiOnsiY3JlYXRlIjozNjAwMDAwMDAwMDAwLCJkZWxldGUiOjM2MDAwMDAwMDAwMDAsInJlYWQiOjMwMDAwMDAwMDAwMCwidXBkYXRlIjozNjAwMDAwMDAwMDAwfX0="
        }
      ]
    }
  ]
}
