{
  "version": 4,
  "terraform_version": "1.0.1",
  "serial": 24,
  "lineage": "20f91f96-73a5-a36f-3bbf-e8d109ff5eaf",
  "outputs": {},
  "resources": [
    {
      "mode": "managed",
      "type": "azurerm_lb",
      "name": "main",
      "provider": "provider[\"registry.terraform.io/hashicorp/azurerm\"]",
      "instances": [
        {
          "schema_version": 0,
          "attributes": {
            "frontend_ip_configuration": [
              {
                "availability_zone": "No-Zone",
                "id": "/subscriptions/8df38d37-e466-425f-b08b-9b9970aea6c5/resourceGroups/isra_resource/providers/Microsoft.Network/loadBalancers/myLoadBalancer/frontendIPConfigurations/publicIPLoadBalancer",
                "inbound_nat_rules": [],
                "load_balancer_rules": [],
                "name": "publicIPLoadBalancer",
                "outbound_rules": [],
                "private_ip_address": "",
                "private_ip_address_allocation": "Dynamic",
                "private_ip_address_version": "",
                "public_ip_address_id": "/subscriptions/8df38d37-e466-425f-b08b-9b9970aea6c5/resourceGroups/isra_resource/providers/Microsoft.Network/publicIPAddresses/publicIP",
                "public_ip_prefix_id": "",
                "subnet_id": "",
                "zones": []
              }
            ],
            "id": "/subscriptions/8df38d37-e466-425f-b08b-9b9970aea6c5/resourceGroups/isra_resource/providers/Microsoft.Network/loadBalancers/myLoadBalancer",
            "location": "westeurope",
            "name": "myLoadBalancer",
            "private_ip_address": "",
            "private_ip_addresses": [],
            "resource_group_name": "isra_resource",
            "sku": "Basic",
            "tags": null,
            "timeouts": null
          },
          "sensitive_attributes": [],
          "private": "eyJlMmJmYjczMC1lY2FhLTExZTYtOGY4OC0zNDM2M2JjN2M0YzAiOnsiY3JlYXRlIjoxODAwMDAwMDAwMDAwLCJkZWxldGUiOjE4MDAwMDAwMDAwMDAsInJlYWQiOjMwMDAwMDAwMDAwMCwidXBkYXRlIjoxODAwMDAwMDAwMDAwfX0=",
          "dependencies": [
            "azurerm_public_ip.main",
            "azurerm_resource_group.main"
          ]
        }
      ]
    },
    {
      "mode": "managed",
      "type": "azurerm_lb_backend_address_pool",
      "name": "main",
      "provider": "provider[\"registry.terraform.io/hashicorp/azurerm\"]",
      "instances": [
        {
          "schema_version": 0,
          "attributes": {
            "backend_address": [],
            "backend_ip_configurations": [],
            "id": "/subscriptions/8df38d37-e466-425f-b08b-9b9970aea6c5/resourceGroups/isra_resource/providers/Microsoft.Network/loadBalancers/myLoadBalancer/backendAddressPools/poolAdress",
            "load_balancing_rules": [],
            "loadbalancer_id": "/subscriptions/8df38d37-e466-425f-b08b-9b9970aea6c5/resourceGroups/isra_resource/providers/Microsoft.Network/loadBalancers/myLoadBalancer",
            "name": "poolAdress",
            "outbound_rules": [],
            "resource_group_name": "isra_resource",
            "timeouts": null
          },
          "sensitive_attributes": [],
          "private": "eyJlMmJmYjczMC1lY2FhLTExZTYtOGY4OC0zNDM2M2JjN2M0YzAiOnsiY3JlYXRlIjoxODAwMDAwMDAwMDAwLCJkZWxldGUiOjE4MDAwMDAwMDAwMDAsInJlYWQiOjMwMDAwMDAwMDAwMCwidXBkYXRlIjoxODAwMDAwMDAwMDAwfX0=",
          "dependencies": [
            "azurerm_lb.main",
            "azurerm_public_ip.main",
            "azurerm_resource_group.main"
          ]
        }
      ]
    },
    {
      "mode": "managed",
      "type": "azurerm_lb_probe",
      "name": "http",
      "provider": "provider[\"registry.terraform.io/hashicorp/azurerm\"]",
      "instances": [
        {
          "schema_version": 0,
          "attributes": {
            "id": "/subscriptions/8df38d37-e466-425f-b08b-9b9970aea6c5/resourceGroups/isra_resource/providers/Microsoft.Network/loadBalancers/myLoadBalancer/probes/saludhttp",
            "interval_in_seconds": 15,
            "load_balancer_rules": [],
            "loadbalancer_id": "/subscriptions/8df38d37-e466-425f-b08b-9b9970aea6c5/resourceGroups/isra_resource/providers/Microsoft.Network/loadBalancers/myLoadBalancer",
            "name": "saludhttp",
            "number_of_probes": 2,
            "port": 80,
            "protocol": "Tcp",
            "request_path": "",
            "resource_group_name": "isra_resource",
            "timeouts": null
          },
          "sensitive_attributes": [],
          "private": "eyJlMmJmYjczMC1lY2FhLTExZTYtOGY4OC0zNDM2M2JjN2M0YzAiOnsiY3JlYXRlIjoxODAwMDAwMDAwMDAwLCJkZWxldGUiOjE4MDAwMDAwMDAwMDAsInJlYWQiOjMwMDAwMDAwMDAwMCwidXBkYXRlIjoxODAwMDAwMDAwMDAwfX0=",
          "dependencies": [
            "azurerm_lb.main",
            "azurerm_public_ip.main",
            "azurerm_resource_group.main"
          ]
        }
      ]
    },
    {
      "mode": "managed",
      "type": "azurerm_lb_probe",
      "name": "ssh",
      "provider": "provider[\"registry.terraform.io/hashicorp/azurerm\"]",
      "instances": [
        {
          "schema_version": 0,
          "attributes": {
            "id": "/subscriptions/8df38d37-e466-425f-b08b-9b9970aea6c5/resourceGroups/isra_resource/providers/Microsoft.Network/loadBalancers/myLoadBalancer/probes/saludssh",
            "interval_in_seconds": 15,
            "load_balancer_rules": [],
            "loadbalancer_id": "/subscriptions/8df38d37-e466-425f-b08b-9b9970aea6c5/resourceGroups/isra_resource/providers/Microsoft.Network/loadBalancers/myLoadBalancer",
            "name": "saludssh",
            "number_of_probes": 2,
            "port": 22,
            "protocol": "Tcp",
            "request_path": "",
            "resource_group_name": "isra_resource",
            "timeouts": null
          },
          "sensitive_attributes": [],
          "private": "eyJlMmJmYjczMC1lY2FhLTExZTYtOGY4OC0zNDM2M2JjN2M0YzAiOnsiY3JlYXRlIjoxODAwMDAwMDAwMDAwLCJkZWxldGUiOjE4MDAwMDAwMDAwMDAsInJlYWQiOjMwMDAwMDAwMDAwMCwidXBkYXRlIjoxODAwMDAwMDAwMDAwfX0=",
          "dependencies": [
            "azurerm_lb.main",
            "azurerm_public_ip.main",
            "azurerm_resource_group.main"
          ]
        }
      ]
    },
    {
      "mode": "managed",
      "type": "azurerm_lb_rule",
      "name": "lbnatrule_http",
      "provider": "provider[\"registry.terraform.io/hashicorp/azurerm\"]",
      "instances": [
        {
          "schema_version": 0,
          "attributes": {
            "backend_address_pool_id": "/subscriptions/8df38d37-e466-425f-b08b-9b9970aea6c5/resourceGroups/isra_resource/providers/Microsoft.Network/loadBalancers/myLoadBalancer/backendAddressPools/poolAdress",
            "backend_port": 80,
            "disable_outbound_snat": false,
            "enable_floating_ip": false,
            "enable_tcp_reset": false,
            "frontend_ip_configuration_id": "/subscriptions/8df38d37-e466-425f-b08b-9b9970aea6c5/resourceGroups/isra_resource/providers/Microsoft.Network/loadBalancers/myLoadBalancer/frontendIPConfigurations/publicIPLoadBalancer",
            "frontend_ip_configuration_name": "publicIPLoadBalancer",
            "frontend_port": 80,
            "id": "/subscriptions/8df38d37-e466-425f-b08b-9b9970aea6c5/resourceGroups/isra_resource/providers/Microsoft.Network/loadBalancers/myLoadBalancer/loadBalancingRules/http",
            "idle_timeout_in_minutes": 4,
            "load_distribution": "Default",
            "loadbalancer_id": "/subscriptions/8df38d37-e466-425f-b08b-9b9970aea6c5/resourceGroups/isra_resource/providers/Microsoft.Network/loadBalancers/myLoadBalancer",
            "name": "http",
            "probe_id": "/subscriptions/8df38d37-e466-425f-b08b-9b9970aea6c5/resourceGroups/isra_resource/providers/Microsoft.Network/loadBalancers/myLoadBalancer/probes/saludhttp",
            "protocol": "Tcp",
            "resource_group_name": "isra_resource",
            "timeouts": null
          },
          "sensitive_attributes": [],
          "private": "eyJlMmJmYjczMC1lY2FhLTExZTYtOGY4OC0zNDM2M2JjN2M0YzAiOnsiY3JlYXRlIjoxODAwMDAwMDAwMDAwLCJkZWxldGUiOjE4MDAwMDAwMDAwMDAsInJlYWQiOjMwMDAwMDAwMDAwMCwidXBkYXRlIjoxODAwMDAwMDAwMDAwfX0=",
          "dependencies": [
            "azurerm_lb.main",
            "azurerm_lb_backend_address_pool.main",
            "azurerm_lb_probe.http",
            "azurerm_public_ip.main",
            "azurerm_resource_group.main"
          ]
        }
      ]
    },
    {
      "mode": "managed",
      "type": "azurerm_lb_rule",
      "name": "lbnatrule_ssh",
      "provider": "provider[\"registry.terraform.io/hashicorp/azurerm\"]",
      "instances": [
        {
          "schema_version": 0,
          "attributes": {
            "backend_address_pool_id": "/subscriptions/8df38d37-e466-425f-b08b-9b9970aea6c5/resourceGroups/isra_resource/providers/Microsoft.Network/loadBalancers/myLoadBalancer/backendAddressPools/poolAdress",
            "backend_port": 22,
            "disable_outbound_snat": false,
            "enable_floating_ip": false,
            "enable_tcp_reset": false,
            "frontend_ip_configuration_id": "/subscriptions/8df38d37-e466-425f-b08b-9b9970aea6c5/resourceGroups/isra_resource/providers/Microsoft.Network/loadBalancers/myLoadBalancer/frontendIPConfigurations/publicIPLoadBalancer",
            "frontend_ip_configuration_name": "publicIPLoadBalancer",
            "frontend_port": 22,
            "id": "/subscriptions/8df38d37-e466-425f-b08b-9b9970aea6c5/resourceGroups/isra_resource/providers/Microsoft.Network/loadBalancers/myLoadBalancer/loadBalancingRules/ssh",
            "idle_timeout_in_minutes": 4,
            "load_distribution": "Default",
            "loadbalancer_id": "/subscriptions/8df38d37-e466-425f-b08b-9b9970aea6c5/resourceGroups/isra_resource/providers/Microsoft.Network/loadBalancers/myLoadBalancer",
            "name": "ssh",
            "probe_id": "/subscriptions/8df38d37-e466-425f-b08b-9b9970aea6c5/resourceGroups/isra_resource/providers/Microsoft.Network/loadBalancers/myLoadBalancer/probes/saludssh",
            "protocol": "Tcp",
            "resource_group_name": "isra_resource",
            "timeouts": null
          },
          "sensitive_attributes": [],
          "private": "eyJlMmJmYjczMC1lY2FhLTExZTYtOGY4OC0zNDM2M2JjN2M0YzAiOnsiY3JlYXRlIjoxODAwMDAwMDAwMDAwLCJkZWxldGUiOjE4MDAwMDAwMDAwMDAsInJlYWQiOjMwMDAwMDAwMDAwMCwidXBkYXRlIjoxODAwMDAwMDAwMDAwfX0=",
          "dependencies": [
            "azurerm_lb.main",
            "azurerm_lb_backend_address_pool.main",
            "azurerm_lb_probe.ssh",
            "azurerm_public_ip.main",
            "azurerm_resource_group.main"
          ]
        }
      ]
    },
    {
      "mode": "managed",
      "type": "azurerm_network_security_group",
      "name": "main",
      "provider": "provider[\"registry.terraform.io/hashicorp/azurerm\"]",
      "instances": [
        {
          "schema_version": 0,
          "attributes": {
            "id": "/subscriptions/8df38d37-e466-425f-b08b-9b9970aea6c5/resourceGroups/isra_resource/providers/Microsoft.Network/networkSecurityGroups/myNetworkSecurityGroup",
            "location": "westeurope",
            "name": "myNetworkSecurityGroup",
            "resource_group_name": "isra_resource",
            "security_rule": [
              {
                "access": "Allow",
                "description": "",
                "destination_address_prefix": "*",
                "destination_address_prefixes": [],
                "destination_application_security_group_ids": [],
                "destination_port_range": "22",
                "destination_port_ranges": [],
                "direction": "Inbound",
                "name": "SSH",
                "priority": 1001,
                "protocol": "Tcp",
                "source_address_prefix": "*",
                "source_address_prefixes": [],
                "source_application_security_group_ids": [],
                "source_port_range": "*",
                "source_port_ranges": []
              },
              {
                "access": "Allow",
                "description": "",
                "destination_address_prefix": "*",
                "destination_address_prefixes": [],
                "destination_application_security_group_ids": [],
                "destination_port_range": "80",
                "destination_port_ranges": [],
                "direction": "Inbound",
                "name": "HTTP",
                "priority": 1002,
                "protocol": "Tcp",
                "source_address_prefix": "*",
                "source_address_prefixes": [],
                "source_application_security_group_ids": [],
                "source_port_range": "*",
                "source_port_ranges": []
              }
            ],
            "tags": null,
            "timeouts": null
          },
          "sensitive_attributes": [],
          "private": "eyJlMmJmYjczMC1lY2FhLTExZTYtOGY4OC0zNDM2M2JjN2M0YzAiOnsiY3JlYXRlIjoxODAwMDAwMDAwMDAwLCJkZWxldGUiOjE4MDAwMDAwMDAwMDAsInJlYWQiOjMwMDAwMDAwMDAwMCwidXBkYXRlIjoxODAwMDAwMDAwMDAwfX0=",
          "dependencies": [
            "azurerm_resource_group.main"
          ]
        }
      ]
    },
    {
      "mode": "managed",
      "type": "azurerm_public_ip",
      "name": "main",
      "provider": "provider[\"registry.terraform.io/hashicorp/azurerm\"]",
      "instances": [
        {
          "schema_version": 0,
          "attributes": {
            "allocation_method": "Static",
            "availability_zone": "No-Zone",
            "domain_name_label": null,
            "fqdn": null,
            "id": "/subscriptions/8df38d37-e466-425f-b08b-9b9970aea6c5/resourceGroups/isra_resource/providers/Microsoft.Network/publicIPAddresses/publicIP",
            "idle_timeout_in_minutes": 4,
            "ip_address": "20.86.169.24",
            "ip_tags": null,
            "ip_version": "IPv4",
            "location": "westeurope",
            "name": "publicIP",
            "public_ip_prefix_id": null,
            "resource_group_name": "isra_resource",
            "reverse_fqdn": null,
            "sku": "Basic",
            "tags": null,
            "timeouts": null,
            "zones": []
          },
          "sensitive_attributes": [],
          "private": "eyJlMmJmYjczMC1lY2FhLTExZTYtOGY4OC0zNDM2M2JjN2M0YzAiOnsiY3JlYXRlIjoxODAwMDAwMDAwMDAwLCJkZWxldGUiOjE4MDAwMDAwMDAwMDAsInJlYWQiOjMwMDAwMDAwMDAwMCwidXBkYXRlIjoxODAwMDAwMDAwMDAwfX0=",
          "dependencies": [
            "azurerm_resource_group.main"
          ]
        }
      ]
    },
    {
      "mode": "managed",
      "type": "azurerm_resource_group",
      "name": "main",
      "provider": "provider[\"registry.terraform.io/hashicorp/azurerm\"]",
      "instances": [
        {
          "schema_version": 0,
          "attributes": {
            "id": "/subscriptions/8df38d37-e466-425f-b08b-9b9970aea6c5/resourceGroups/isra_resource",
            "location": "westeurope",
            "name": "isra_resource",
            "tags": {
              "entorno": "test",
              "tipo": "vm"
            },
            "timeouts": null
          },
          "sensitive_attributes": [],
          "private": "eyJlMmJmYjczMC1lY2FhLTExZTYtOGY4OC0zNDM2M2JjN2M0YzAiOnsiY3JlYXRlIjo1NDAwMDAwMDAwMDAwLCJkZWxldGUiOjU0MDAwMDAwMDAwMDAsInJlYWQiOjMwMDAwMDAwMDAwMCwidXBkYXRlIjo1NDAwMDAwMDAwMDAwfX0="
        }
      ]
    },
    {
      "mode": "managed",
      "type": "azurerm_subnet",
      "name": "main",
      "provider": "provider[\"registry.terraform.io/hashicorp/azurerm\"]",
      "instances": [
        {
          "schema_version": 0,
          "attributes": {
            "address_prefix": "10.0.2.0/24",
            "address_prefixes": [
              "10.0.2.0/24"
            ],
            "delegation": [],
            "enforce_private_link_endpoint_network_policies": false,
            "enforce_private_link_service_network_policies": false,
            "id": "/subscriptions/8df38d37-e466-425f-b08b-9b9970aea6c5/resourceGroups/isra_resource/providers/Microsoft.Network/virtualNetworks/vnet/subnets/internal",
            "name": "internal",
            "resource_group_name": "isra_resource",
            "service_endpoint_policy_ids": null,
            "service_endpoints": null,
            "timeouts": null,
            "virtual_network_name": "vnet"
          },
          "sensitive_attributes": [],
          "private": "eyJlMmJmYjczMC1lY2FhLTExZTYtOGY4OC0zNDM2M2JjN2M0YzAiOnsiY3JlYXRlIjoxODAwMDAwMDAwMDAwLCJkZWxldGUiOjE4MDAwMDAwMDAwMDAsInJlYWQiOjMwMDAwMDAwMDAwMCwidXBkYXRlIjoxODAwMDAwMDAwMDAwfX0=",
          "dependencies": [
            "azurerm_resource_group.main",
            "azurerm_virtual_network.vnet"
          ]
        }
      ]
    },
    {
      "mode": "managed",
      "type": "azurerm_virtual_network",
      "name": "vnet",
      "provider": "provider[\"registry.terraform.io/hashicorp/azurerm\"]",
      "instances": [
        {
          "schema_version": 0,
          "attributes": {
            "address_space": [
              "10.0.0.0/16"
            ],
            "bgp_community": "",
            "ddos_protection_plan": [],
            "dns_servers": null,
            "guid": "cc5af666-8ea7-49f1-8783-27b85a46337a",
            "id": "/subscriptions/8df38d37-e466-425f-b08b-9b9970aea6c5/resourceGroups/isra_resource/providers/Microsoft.Network/virtualNetworks/vnet",
            "location": "westeurope",
            "name": "vnet",
            "resource_group_name": "isra_resource",
            "subnet": [],
            "tags": null,
            "timeouts": null,
            "vm_protection_enabled": false
          },
          "sensitive_attributes": [],
          "private": "eyJlMmJmYjczMC1lY2FhLTExZTYtOGY4OC0zNDM2M2JjN2M0YzAiOnsiY3JlYXRlIjoxODAwMDAwMDAwMDAwLCJkZWxldGUiOjE4MDAwMDAwMDAwMDAsInJlYWQiOjMwMDAwMDAwMDAwMCwidXBkYXRlIjoxODAwMDAwMDAwMDAwfX0=",
          "dependencies": [
            "azurerm_resource_group.main"
          ]
        }
      ]
    },
    {
      "module": "module.VM[0]",
      "mode": "managed",
      "type": "azurerm_linux_virtual_machine",
      "name": "main",
      "provider": "provider[\"registry.terraform.io/hashicorp/azurerm\"]",
      "instances": [
        {
          "schema_version": 0,
          "attributes": {
            "additional_capabilities": [],
            "admin_password": null,
            "admin_ssh_key": [
              {
                "public_key": "ssh-rsa AAAAB3NzaC1yc2EAAAADAQABAAABgQCkM7RVq8gzpYOSaZff55FEQg2INxr4D0R+zVtPqflJtU24OeWwBNjTe5Sy93mJl/x8XChm81AzUUW5nV0R0wGOW/Ns6hH0LOR/hqlQOL23q4CVQRQRGn9a1iiDfkPOJouI5vYZros3wF7X3LJhqKb2JBu6kxze/FGJTxHoTq5sQaq6amCqrjWcoYQlhqeYaj9dlU9tCznefXA+Sf24Va1UZPe/Mukc6EClOQlhT4ztjMTF5T2JJ2R2IMUDmvvupE+MSMaBxHRm/JLxWYf+2GU955kys4YT6oO0WTEEz91dzLp5VnQlaM4FddhXqznxDTMbLcSG7uZT3R+Vx3k6G++8ar9SCenxppdLFNXhyiWqD2GfhcU4F7lQ+q1P5h9VWdpAXB9CgOmuoz4r1X5HiLH6iwRmM7F3NTUJySpGQff9JDfBCKi0xZzyczFWy/XLoIweQ3EOMuzoymLZQD0twoWmAlHLxeexriMZZJ4FwU1wdmm2UNDO/D4IKRLVG1bca1c= x@asrock\n",
                "username": "adminuser"
              }
            ],
            "admin_username": "adminuser",
            "allow_extension_operations": true,
            "availability_set_id": "",
            "boot_diagnostics": [],
            "computer_name": "VM0",
            "custom_data": null,
            "dedicated_host_id": "",
            "disable_password_authentication": true,
            "encryption_at_host_enabled": false,
            "eviction_policy": "",
            "extensions_time_budget": "PT1H30M",
            "id": "/subscriptions/8df38d37-e466-425f-b08b-9b9970aea6c5/resourceGroups/isra_resource/providers/Microsoft.Compute/virtualMachines/VM0",
            "identity": [],
            "license_type": "",
            "location": "westeurope",
            "max_bid_price": -1,
            "name": "VM0",
            "network_interface_ids": [
              "/subscriptions/8df38d37-e466-425f-b08b-9b9970aea6c5/resourceGroups/isra_resource/providers/Microsoft.Network/networkInterfaces/nic0"
            ],
            "os_disk": [
              {
                "caching": "ReadWrite",
                "diff_disk_settings": [],
                "disk_encryption_set_id": "",
                "disk_size_gb": 30,
                "name": "VM0_disk1_80f08764fe3247f3b5d7b48028329217",
                "storage_account_type": "Standard_LRS",
                "write_accelerator_enabled": false
              }
            ],
            "plan": [],
            "platform_fault_domain": -1,
            "priority": "Regular",
            "private_ip_address": "10.0.2.5",
            "private_ip_addresses": [
              "10.0.2.5"
            ],
            "provision_vm_agent": true,
            "proximity_placement_group_id": "",
            "public_ip_address": "",
            "public_ip_addresses": [],
            "resource_group_name": "isra_resource",
            "secret": [],
            "size": "Standard_B1s",
            "source_image_id": "",
            "source_image_reference": [
              {
                "offer": "UbuntuServer",
                "publisher": "Canonical",
                "sku": "16.04-LTS",
                "version": "latest"
              }
            ],
            "tags": null,
            "timeouts": null,
            "virtual_machine_id": "c8253f6b-31ba-4509-b67d-fd2c1698eafe",
            "virtual_machine_scale_set_id": "",
            "zone": ""
          },
          "sensitive_attributes": [],
          "private": "eyJlMmJmYjczMC1lY2FhLTExZTYtOGY4OC0zNDM2M2JjN2M0YzAiOnsiY3JlYXRlIjoyNzAwMDAwMDAwMDAwLCJkZWxldGUiOjI3MDAwMDAwMDAwMDAsInJlYWQiOjMwMDAwMDAwMDAwMCwidXBkYXRlIjoyNzAwMDAwMDAwMDAwfX0=",
          "dependencies": [
            "azurerm_resource_group.main",
            "azurerm_subnet.main",
            "azurerm_virtual_network.vnet",
            "module.VM.azurerm_network_interface.main"
          ]
        }
      ]
    },
    {
      "module": "module.VM[0]",
      "mode": "managed",
      "type": "azurerm_network_interface",
      "name": "main",
      "provider": "provider[\"registry.terraform.io/hashicorp/azurerm\"]",
      "instances": [
        {
          "schema_version": 0,
          "attributes": {
            "applied_dns_servers": [],
            "dns_servers": [],
            "enable_accelerated_networking": false,
            "enable_ip_forwarding": false,
            "id": "/subscriptions/8df38d37-e466-425f-b08b-9b9970aea6c5/resourceGroups/isra_resource/providers/Microsoft.Network/networkInterfaces/nic0",
            "internal_dns_name_label": "",
            "internal_domain_name_suffix": "m11fvtfhr1yutb2de42furrtpc.ax.internal.cloudapp.net",
            "ip_configuration": [
              {
                "name": "internal",
                "primary": true,
                "private_ip_address": "10.0.2.5",
                "private_ip_address_allocation": "Dynamic",
                "private_ip_address_version": "IPv4",
                "public_ip_address_id": "",
                "subnet_id": "/subscriptions/8df38d37-e466-425f-b08b-9b9970aea6c5/resourceGroups/isra_resource/providers/Microsoft.Network/virtualNetworks/vnet/subnets/internal"
              }
            ],
            "location": "westeurope",
            "mac_address": "",
            "name": "nic0",
            "private_ip_address": "10.0.2.5",
            "private_ip_addresses": [
              "10.0.2.5"
            ],
            "resource_group_name": "isra_resource",
            "tags": null,
            "timeouts": null,
            "virtual_machine_id": ""
          },
          "sensitive_attributes": [],
          "private": "eyJlMmJmYjczMC1lY2FhLTExZTYtOGY4OC0zNDM2M2JjN2M0YzAiOnsiY3JlYXRlIjoxODAwMDAwMDAwMDAwLCJkZWxldGUiOjE4MDAwMDAwMDAwMDAsInJlYWQiOjMwMDAwMDAwMDAwMCwidXBkYXRlIjoxODAwMDAwMDAwMDAwfX0=",
          "dependencies": [
            "azurerm_resource_group.main",
            "azurerm_subnet.main",
            "azurerm_virtual_network.vnet"
          ]
        }
      ]
    },
    {
      "module": "module.VM[0]",
      "mode": "managed",
      "type": "azurerm_network_interface_backend_address_pool_association",
      "name": "main",
      "provider": "provider[\"registry.terraform.io/hashicorp/azurerm\"]",
      "instances": [
        {
          "schema_version": 0,
          "attributes": {
            "backend_address_pool_id": "/subscriptions/8df38d37-e466-425f-b08b-9b9970aea6c5/resourceGroups/isra_resource/providers/Microsoft.Network/loadBalancers/myLoadBalancer/backendAddressPools/poolAdress",
            "id": "/subscriptions/8df38d37-e466-425f-b08b-9b9970aea6c5/resourceGroups/isra_resource/providers/Microsoft.Network/networkInterfaces/nic0/ipConfigurations/internal|/subscriptions/8df38d37-e466-425f-b08b-9b9970aea6c5/resourceGroups/isra_resource/providers/Microsoft.Network/loadBalancers/myLoadBalancer/backendAddressPools/poolAdress",
            "ip_configuration_name": "internal",
            "network_interface_id": "/subscriptions/8df38d37-e466-425f-b08b-9b9970aea6c5/resourceGroups/isra_resource/providers/Microsoft.Network/networkInterfaces/nic0",
            "timeouts": null
          },
          "sensitive_attributes": [],
          "private": "eyJlMmJmYjczMC1lY2FhLTExZTYtOGY4OC0zNDM2M2JjN2M0YzAiOnsiY3JlYXRlIjoxODAwMDAwMDAwMDAwLCJkZWxldGUiOjE4MDAwMDAwMDAwMDAsInJlYWQiOjMwMDAwMDAwMDAwMCwidXBkYXRlIjoxODAwMDAwMDAwMDAwfX0=",
          "dependencies": [
            "azurerm_lb.main",
            "azurerm_lb_backend_address_pool.main",
            "azurerm_public_ip.main",
            "azurerm_resource_group.main",
            "azurerm_subnet.main",
            "azurerm_virtual_network.vnet",
            "module.VM.azurerm_network_interface.main"
          ]
        }
      ]
    },
    {
      "module": "module.VM[0]",
      "mode": "managed",
      "type": "azurerm_network_interface_security_group_association",
      "name": "main",
      "provider": "provider[\"registry.terraform.io/hashicorp/azurerm\"]",
      "instances": [
        {
          "schema_version": 0,
          "attributes": {
            "id": "/subscriptions/8df38d37-e466-425f-b08b-9b9970aea6c5/resourceGroups/isra_resource/providers/Microsoft.Network/networkInterfaces/nic0|/subscriptions/8df38d37-e466-425f-b08b-9b9970aea6c5/resourceGroups/isra_resource/providers/Microsoft.Network/networkSecurityGroups/myNetworkSecurityGroup",
            "network_interface_id": "/subscriptions/8df38d37-e466-425f-b08b-9b9970aea6c5/resourceGroups/isra_resource/providers/Microsoft.Network/networkInterfaces/nic0",
            "network_security_group_id": "/subscriptions/8df38d37-e466-425f-b08b-9b9970aea6c5/resourceGroups/isra_resource/providers/Microsoft.Network/networkSecurityGroups/myNetworkSecurityGroup",
            "timeouts": null
          },
          "sensitive_attributes": [],
          "private": "eyJlMmJmYjczMC1lY2FhLTExZTYtOGY4OC0zNDM2M2JjN2M0YzAiOnsiY3JlYXRlIjoxODAwMDAwMDAwMDAwLCJkZWxldGUiOjE4MDAwMDAwMDAwMDAsInJlYWQiOjMwMDAwMDAwMDAwMCwidXBkYXRlIjoxODAwMDAwMDAwMDAwfX0=",
          "dependencies": [
            "azurerm_network_security_group.main",
            "azurerm_resource_group.main",
            "azurerm_subnet.main",
            "azurerm_virtual_network.vnet",
            "module.VM.azurerm_network_interface.main"
          ]
        }
      ]
    },
    {
      "module": "module.VM[1]",
      "mode": "managed",
      "type": "azurerm_network_interface",
      "name": "main",
      "provider": "provider[\"registry.terraform.io/hashicorp/azurerm\"]",
      "instances": [
        {
          "schema_version": 0,
          "attributes": {
            "applied_dns_servers": [],
            "dns_servers": [],
            "enable_accelerated_networking": false,
            "enable_ip_forwarding": false,
            "id": "/subscriptions/8df38d37-e466-425f-b08b-9b9970aea6c5/resourceGroups/isra_resource/providers/Microsoft.Network/networkInterfaces/nic1",
            "internal_dns_name_label": "",
            "internal_domain_name_suffix": "m11fvtfhr1yutb2de42furrtpc.ax.internal.cloudapp.net",
            "ip_configuration": [
              {
                "name": "internal",
                "primary": true,
                "private_ip_address": "10.0.2.4",
                "private_ip_address_allocation": "Dynamic",
                "private_ip_address_version": "IPv4",
                "public_ip_address_id": "",
                "subnet_id": "/subscriptions/8df38d37-e466-425f-b08b-9b9970aea6c5/resourceGroups/isra_resource/providers/Microsoft.Network/virtualNetworks/vnet/subnets/internal"
              }
            ],
            "location": "westeurope",
            "mac_address": "",
            "name": "nic1",
            "private_ip_address": "10.0.2.4",
            "private_ip_addresses": [
              "10.0.2.4"
            ],
            "resource_group_name": "isra_resource",
            "tags": null,
            "timeouts": null,
            "virtual_machine_id": ""
          },
          "sensitive_attributes": [],
          "private": "eyJlMmJmYjczMC1lY2FhLTExZTYtOGY4OC0zNDM2M2JjN2M0YzAiOnsiY3JlYXRlIjoxODAwMDAwMDAwMDAwLCJkZWxldGUiOjE4MDAwMDAwMDAwMDAsInJlYWQiOjMwMDAwMDAwMDAwMCwidXBkYXRlIjoxODAwMDAwMDAwMDAwfX0=",
          "dependencies": [
            "azurerm_resource_group.main",
            "azurerm_subnet.main",
            "azurerm_virtual_network.vnet"
          ]
        }
      ]
    },
    {
      "module": "module.VM[1]",
      "mode": "managed",
      "type": "azurerm_network_interface_backend_address_pool_association",
      "name": "main",
      "provider": "provider[\"registry.terraform.io/hashicorp/azurerm\"]",
      "instances": [
        {
          "schema_version": 0,
          "attributes": {
            "backend_address_pool_id": "/subscriptions/8df38d37-e466-425f-b08b-9b9970aea6c5/resourceGroups/isra_resource/providers/Microsoft.Network/loadBalancers/myLoadBalancer/backendAddressPools/poolAdress",
            "id": "/subscriptions/8df38d37-e466-425f-b08b-9b9970aea6c5/resourceGroups/isra_resource/providers/Microsoft.Network/networkInterfaces/nic1/ipConfigurations/internal|/subscriptions/8df38d37-e466-425f-b08b-9b9970aea6c5/resourceGroups/isra_resource/providers/Microsoft.Network/loadBalancers/myLoadBalancer/backendAddressPools/poolAdress",
            "ip_configuration_name": "internal",
            "network_interface_id": "/subscriptions/8df38d37-e466-425f-b08b-9b9970aea6c5/resourceGroups/isra_resource/providers/Microsoft.Network/networkInterfaces/nic1",
            "timeouts": null
          },
          "sensitive_attributes": [],
          "private": "eyJlMmJmYjczMC1lY2FhLTExZTYtOGY4OC0zNDM2M2JjN2M0YzAiOnsiY3JlYXRlIjoxODAwMDAwMDAwMDAwLCJkZWxldGUiOjE4MDAwMDAwMDAwMDAsInJlYWQiOjMwMDAwMDAwMDAwMCwidXBkYXRlIjoxODAwMDAwMDAwMDAwfX0=",
          "dependencies": [
            "azurerm_lb.main",
            "azurerm_lb_backend_address_pool.main",
            "azurerm_public_ip.main",
            "azurerm_resource_group.main",
            "azurerm_subnet.main",
            "azurerm_virtual_network.vnet",
            "module.VM.azurerm_network_interface.main"
          ]
        }
      ]
    },
    {
      "module": "module.VM[1]",
      "mode": "managed",
      "type": "azurerm_network_interface_security_group_association",
      "name": "main",
      "provider": "provider[\"registry.terraform.io/hashicorp/azurerm\"]",
      "instances": [
        {
          "schema_version": 0,
          "attributes": {
            "id": "/subscriptions/8df38d37-e466-425f-b08b-9b9970aea6c5/resourceGroups/isra_resource/providers/Microsoft.Network/networkInterfaces/nic1|/subscriptions/8df38d37-e466-425f-b08b-9b9970aea6c5/resourceGroups/isra_resource/providers/Microsoft.Network/networkSecurityGroups/myNetworkSecurityGroup",
            "network_interface_id": "/subscriptions/8df38d37-e466-425f-b08b-9b9970aea6c5/resourceGroups/isra_resource/providers/Microsoft.Network/networkInterfaces/nic1",
            "network_security_group_id": "/subscriptions/8df38d37-e466-425f-b08b-9b9970aea6c5/resourceGroups/isra_resource/providers/Microsoft.Network/networkSecurityGroups/myNetworkSecurityGroup",
            "timeouts": null
          },
          "sensitive_attributes": [],
          "private": "eyJlMmJmYjczMC1lY2FhLTExZTYtOGY4OC0zNDM2M2JjN2M0YzAiOnsiY3JlYXRlIjoxODAwMDAwMDAwMDAwLCJkZWxldGUiOjE4MDAwMDAwMDAwMDAsInJlYWQiOjMwMDAwMDAwMDAwMCwidXBkYXRlIjoxODAwMDAwMDAwMDAwfX0=",
          "dependencies": [
            "azurerm_network_security_group.main",
            "azurerm_resource_group.main",
            "azurerm_subnet.main",
            "azurerm_virtual_network.vnet",
            "module.VM.azurerm_network_interface.main"
          ]
        }
      ]
    },
    {
      "module": "module.VM[2]",
      "mode": "managed",
      "type": "azurerm_network_interface",
      "name": "main",
      "provider": "provider[\"registry.terraform.io/hashicorp/azurerm\"]",
      "instances": [
        {
          "schema_version": 0,
          "attributes": {
            "applied_dns_servers": [],
            "dns_servers": [],
            "enable_accelerated_networking": false,
            "enable_ip_forwarding": false,
            "id": "/subscriptions/8df38d37-e466-425f-b08b-9b9970aea6c5/resourceGroups/isra_resource/providers/Microsoft.Network/networkInterfaces/nic2",
            "internal_dns_name_label": "",
            "internal_domain_name_suffix": "m11fvtfhr1yutb2de42furrtpc.ax.internal.cloudapp.net",
            "ip_configuration": [
              {
                "name": "internal",
                "primary": true,
                "private_ip_address": "10.0.2.6",
                "private_ip_address_allocation": "Dynamic",
                "private_ip_address_version": "IPv4",
                "public_ip_address_id": "",
                "subnet_id": "/subscriptions/8df38d37-e466-425f-b08b-9b9970aea6c5/resourceGroups/isra_resource/providers/Microsoft.Network/virtualNetworks/vnet/subnets/internal"
              }
            ],
            "location": "westeurope",
            "mac_address": "",
            "name": "nic2",
            "private_ip_address": "10.0.2.6",
            "private_ip_addresses": [
              "10.0.2.6"
            ],
            "resource_group_name": "isra_resource",
            "tags": null,
            "timeouts": null,
            "virtual_machine_id": ""
          },
          "sensitive_attributes": [],
          "private": "eyJlMmJmYjczMC1lY2FhLTExZTYtOGY4OC0zNDM2M2JjN2M0YzAiOnsiY3JlYXRlIjoxODAwMDAwMDAwMDAwLCJkZWxldGUiOjE4MDAwMDAwMDAwMDAsInJlYWQiOjMwMDAwMDAwMDAwMCwidXBkYXRlIjoxODAwMDAwMDAwMDAwfX0=",
          "dependencies": [
            "azurerm_resource_group.main",
            "azurerm_subnet.main",
            "azurerm_virtual_network.vnet"
          ]
        }
      ]
    },
    {
      "module": "module.VM[2]",
      "mode": "managed",
      "type": "azurerm_network_interface_backend_address_pool_association",
      "name": "main",
      "provider": "provider[\"registry.terraform.io/hashicorp/azurerm\"]",
      "instances": [
        {
          "schema_version": 0,
          "attributes": {
            "backend_address_pool_id": "/subscriptions/8df38d37-e466-425f-b08b-9b9970aea6c5/resourceGroups/isra_resource/providers/Microsoft.Network/loadBalancers/myLoadBalancer/backendAddressPools/poolAdress",
            "id": "/subscriptions/8df38d37-e466-425f-b08b-9b9970aea6c5/resourceGroups/isra_resource/providers/Microsoft.Network/networkInterfaces/nic2/ipConfigurations/internal|/subscriptions/8df38d37-e466-425f-b08b-9b9970aea6c5/resourceGroups/isra_resource/providers/Microsoft.Network/loadBalancers/myLoadBalancer/backendAddressPools/poolAdress",
            "ip_configuration_name": "internal",
            "network_interface_id": "/subscriptions/8df38d37-e466-425f-b08b-9b9970aea6c5/resourceGroups/isra_resource/providers/Microsoft.Network/networkInterfaces/nic2",
            "timeouts": null
          },
          "sensitive_attributes": [],
          "private": "eyJlMmJmYjczMC1lY2FhLTExZTYtOGY4OC0zNDM2M2JjN2M0YzAiOnsiY3JlYXRlIjoxODAwMDAwMDAwMDAwLCJkZWxldGUiOjE4MDAwMDAwMDAwMDAsInJlYWQiOjMwMDAwMDAwMDAwMCwidXBkYXRlIjoxODAwMDAwMDAwMDAwfX0=",
          "dependencies": [
            "azurerm_lb.main",
            "azurerm_lb_backend_address_pool.main",
            "azurerm_public_ip.main",
            "azurerm_resource_group.main",
            "azurerm_subnet.main",
            "azurerm_virtual_network.vnet",
            "module.VM.azurerm_network_interface.main"
          ]
        }
      ]
    },
    {
      "module": "module.VM[2]",
      "mode": "managed",
      "type": "azurerm_network_interface_security_group_association",
      "name": "main",
      "provider": "provider[\"registry.terraform.io/hashicorp/azurerm\"]",
      "instances": [
        {
          "schema_version": 0,
          "attributes": {
            "id": "/subscriptions/8df38d37-e466-425f-b08b-9b9970aea6c5/resourceGroups/isra_resource/providers/Microsoft.Network/networkInterfaces/nic2|/subscriptions/8df38d37-e466-425f-b08b-9b9970aea6c5/resourceGroups/isra_resource/providers/Microsoft.Network/networkSecurityGroups/myNetworkSecurityGroup",
            "network_interface_id": "/subscriptions/8df38d37-e466-425f-b08b-9b9970aea6c5/resourceGroups/isra_resource/providers/Microsoft.Network/networkInterfaces/nic2",
            "network_security_group_id": "/subscriptions/8df38d37-e466-425f-b08b-9b9970aea6c5/resourceGroups/isra_resource/providers/Microsoft.Network/networkSecurityGroups/myNetworkSecurityGroup",
            "timeouts": null
          },
          "sensitive_attributes": [],
          "private": "eyJlMmJmYjczMC1lY2FhLTExZTYtOGY4OC0zNDM2M2JjN2M0YzAiOnsiY3JlYXRlIjoxODAwMDAwMDAwMDAwLCJkZWxldGUiOjE4MDAwMDAwMDAwMDAsInJlYWQiOjMwMDAwMDAwMDAwMCwidXBkYXRlIjoxODAwMDAwMDAwMDAwfX0=",
          "dependencies": [
            "azurerm_network_security_group.main",
            "azurerm_resource_group.main",
            "azurerm_subnet.main",
            "azurerm_virtual_network.vnet",
            "module.VM.azurerm_network_interface.main"
          ]
        }
      ]
    }
  ]
}
